// !$*UTF8*$!
{
	archiveVersion = 1;
	classes = {
	};
	objectVersion = 77;
	objects = {

/* Begin PBXBuildFile section */
		163CE8502F49E03A008B5881 /* Assets.xcassets in Resources */ = {isa = PBXBuildFile; fileRef = 163CE83A2F49E03A008B5881 /* Assets.xcassets */; };
		163CE8522F49E03A008B5881 /* CityPickerView.swift in Sources */ = {isa = PBXBuildFile; fileRef = 163CE84A2F49E03A008B5881 /* CityPickerView.swift */; };
		163CE8532F49E03A008B5881 /* CacheService.swift in Sources */ = {isa = PBXBuildFile; fileRef = 163CE8412F49E03A008B5881 /* CacheService.swift */; };
		163CE8542F49E03A008B5881 /* PrayerTimeUtils.swift in Sources */ = {isa = PBXBuildFile; fileRef = 163CE8452F49E03A008B5881 /* PrayerTimeUtils.swift */; };
		163CE8552F49E03A008B5881 /* PrayerModels.swift in Sources */ = {isa = PBXBuildFile; fileRef = 163CE83F2F49E03A008B5881 /* PrayerModels.swift */; };
		163CE8562F49E03A008B5881 /* MyQuranAPIClient.swift in Sources */ = {isa = PBXBuildFile; fileRef = 163CE8422F49E03A008B5881 /* MyQuranAPIClient.swift */; };
		163CE8572F49E03A008B5881 /* PrayerRowView.swift in Sources */ = {isa = PBXBuildFile; fileRef = 163CE84C2F49E03A008B5881 /* PrayerRowView.swift */; };
		163CE8582F49E03A008B5881 /* UserPreferences.swift in Sources */ = {isa = PBXBuildFile; fileRef = 163CE8462F49E03A008B5881 /* UserPreferences.swift */; };
		163CE8592F49E03A008B5881 /* PrayerViewModel.swift in Sources */ = {isa = PBXBuildFile; fileRef = 163CE8482F49E03A008B5881 /* PrayerViewModel.swift */; };
		163CE85A2F49E03A008B5881 /* AdzanBarApp.swift in Sources */ = {isa = PBXBuildFile; fileRef = 163CE83D2F49E03A008B5881 /* AdzanBarApp.swift */; };
		163CE85B2F49E03A008B5881 /* MenuBarView.swift in Sources */ = {isa = PBXBuildFile; fileRef = 163CE84B2F49E03A008B5881 /* MenuBarView.swift */; };
		163CE85C2F49E03A008B5881 /* PrayerService.swift in Sources */ = {isa = PBXBuildFile; fileRef = 163CE8432F49E03A008B5881 /* PrayerService.swift */; };
		163CE85D2F49E03A008B5881 /* CityList.swift in Sources */ = {isa = PBXBuildFile; fileRef = 163CE83E2F49E03A008B5881 /* CityList.swift */; };
		169217ED2F4AE3CD004A6B90 /* TimezoneMapper.swift in Sources */ = {isa = PBXBuildFile; fileRef = 169217EC2F4AE3CD004A6B90 /* TimezoneMapper.swift */; };
		16A000022F4BE000008B5881 /* SkyTheme.swift in Sources */ = {isa = PBXBuildFile; fileRef = 16A000012F4BE000008B5881 /* SkyTheme.swift */; };
/* End PBXBuildFile section */

/* Begin PBXFileReference section */
		163CE83A2F49E03A008B5881 /* Assets.xcassets */ = {isa = PBXFileReference; lastKnownFileType = folder.assetcatalog; path = Assets.xcassets; sourceTree = "<group>"; };
		163CE83C2F49E03A008B5881 /* AdzanBar.xcodeproj */ = {isa = PBXFileReference; lastKnownFileType = "wrapper.pb-project"; path = AdzanBar.xcodeproj; sourceTree = "<group>"; };
		163CE83D2F49E03A008B5881 /* AdzanBarApp.swift */ = {isa = PBXFileReference; lastKnownFileType = sourcecode.swift; path = AdzanBarApp.swift; sourceTree = "<group>"; };
		163CE83E2F49E03A008B5881 /* CityList.swift */ = {isa = PBXFileReference; lastKnownFileType = sourcecode.swift; path = CityList.swift; sourceTree = "<group>"; };
		163CE83F2F49E03A008B5881 /* PrayerModels.swift */ = {isa = PBXFileReference; lastKnownFileType = sourcecode.swift; path = PrayerModels.swift; sourceTree = "<group>"; };
		163CE8412F49E03A008B5881 /* CacheService.swift */ = {isa = PBXFileReference; lastKnownFileType = sourcecode.swift; path = CacheService.swift; sourceTree = "<group>"; };
		163CE8422F49E03A008B5881 /* MyQuranAPIClient.swift */ = {isa = PBXFileReference; lastKnownFileType = sourcecode.swift; path = MyQuranAPIClient.swift; sourceTree = "<group>"; };
		163CE8432F49E03A008B5881 /* PrayerService.swift */ = {isa = PBXFileReference; lastKnownFileType = sourcecode.swift; path = PrayerService.swift; sourceTree = "<group>"; };
		163CE8452F49E03A008B5881 /* PrayerTimeUtils.swift */ = {isa = PBXFileReference; lastKnownFileType = sourcecode.swift; path = PrayerTimeUtils.swift; sourceTree = "<group>"; };
		163CE8462F49E03A008B5881 /* UserPreferences.swift */ = {isa = PBXFileReference; lastKnownFileType = sourcecode.swift; path = UserPreferences.swift; sourceTree = "<group>"; };
		163CE8482F49E03A008B5881 /* PrayerViewModel.swift */ = {isa = PBXFileReference; lastKnownFileType = sourcecode.swift; path = PrayerViewModel.swift; sourceTree = "<group>"; };
		163CE84A2F49E03A008B5881 /* CityPickerView.swift */ = {isa = PBXFileReference; lastKnownFileType = sourcecode.swift; path = CityPickerView.swift; sourceTree = "<group>"; };
		163CE84B2F49E03A008B5881 /* MenuBarView.swift */ = {isa = PBXFileReference; lastKnownFileType = sourcecode.swift; path = MenuBarView.swift; sourceTree = "<group>"; };
		163CE84C2F49E03A008B5881 /* PrayerRowView.swift */ = {isa = PBXFileReference; lastKnownFileType = sourcecode.swift; path = PrayerRowView.swift; sourceTree = "<group>"; };
		169217EC2F4AE3CD004A6B90 /* TimezoneMapper.swift */ = {isa = PBXFileReference; lastKnownFileType = sourcecode.swift; path = TimezoneMapper.swift; sourceTree = "<group>"; };
		16A000012F4BE000008B5881 /* SkyTheme.swift */ = {isa = PBXFileReference; lastKnownFileType = sourcecode.swift; path = SkyTheme.swift; sourceTree = "<group>"; };
		16D5EE242F49DE57005CFF27 /* AdzanBar.app */ = {isa = PBXFileReference; explicitFileType = wrapper.application; includeInIndex = 0; path = AdzanBar.app; sourceTree = BUILT_PRODUCTS_DIR; };
/* End PBXFileReference section */

/* Begin PBXFrameworksBuildPhase section */
		16D5EE212F49DE57005CFF27 /* Frameworks */ = {
			isa = PBXFrameworksBuildPhase;
			buildActionMask = 2147483647;
			files = (
			);
			runOnlyForDeploymentPostprocessing = 0;
		};
/* End PBXFrameworksBuildPhase section */

/* Begin PBXGroup section */
		163CE8402F49E03A008B5881 /* Models */ = {
			isa = PBXGroup;
			children = (
				163CE83E2F49E03A008B5881 /* CityList.swift */,
				163CE83F2F49E03A008B5881 /* PrayerModels.swift */,
			);
			path = Models;
			sourceTree = "<group>";
		};
		163CE8442F49E03A008B5881 /* Services */ = {
			isa = PBXGroup;
			children = (
				163CE8412F49E03A008B5881 /* CacheService.swift */,
				163CE8422F49E03A008B5881 /* MyQuranAPIClient.swift */,
				163CE8432F49E03A008B5881 /* PrayerService.swift */,
			);
			path = Services;
			sourceTree = "<group>";
		};
	163CE8472F49E03A008B5881 /* Utils */ = {
		isa = PBXGroup;
		children = (
			169217EC2F4AE3CD004A6B90 /* TimezoneMapper.swift */,
			163CE8452F49E03A008B5881 /* PrayerTimeUtils.swift */,
			163CE8462F49E03A008B5881 /* UserPreferences.swift */,
			16A000012F4BE000008B5881 /* SkyTheme.swift */,
		);
		path = Utils;
		sourceTree = "<group>";
	};
		163CE8492F49E03A008B5881 /* ViewModels */ = {
			isa = PBXGroup;
			children = (
				163CE8482F49E03A008B5881 /* PrayerViewModel.swift */,
			);
			path = ViewModels;
			sourceTree = "<group>";
		};
		163CE84D2F49E03A008B5881 /* Views */ = {
			isa = PBXGroup;
			children = (
				163CE84A2F49E03A008B5881 /* CityPickerView.swift */,
				163CE84B2F49E03A008B5881 /* MenuBarView.swift */,
				163CE84C2F49E03A008B5881 /* PrayerRowView.swift */,
			);
			path = Views;
			sourceTree = "<group>";
		};
		163CE84E2F49E03A008B5881 /* Products */ = {
			isa = PBXGroup;
			name = Products;
			sourceTree = "<group>";
		};
		16D5EE1B2F49DE57005CFF27 = {
			isa = PBXGroup;
			children = (
				163CE83C2F49E03A008B5881 /* AdzanBar.xcodeproj */,
				163CE83D2F49E03A008B5881 /* AdzanBarApp.swift */,
				163CE8402F49E03A008B5881 /* Models */,
				163CE8442F49E03A008B5881 /* Services */,
				163CE8472F49E03A008B5881 /* Utils */,
				163CE8492F49E03A008B5881 /* ViewModels */,
				163CE84D2F49E03A008B5881 /* Views */,
				16D5EE252F49DE57005CFF27 /* Products */,
				163CE83A2F49E03A008B5881 /* Assets.xcassets */,
			);
			sourceTree = "<group>";
		};
		16D5EE252F49DE57005CFF27 /* Products */ = {
			isa = PBXGroup;
			children = (
				16D5EE242F49DE57005CFF27 /* AdzanBar.app */,
			);
			name = Products;
			sourceTree = "<group>";
		};
/* End PBXGroup section */

/* Begin PBXNativeTarget section */
		16D5EE232F49DE57005CFF27 /* AdzanBar */ = {
			isa = PBXNativeTarget;
			buildConfigurationList = 16D5EE2F2F49DE59005CFF27 /* Build configuration list for PBXNativeTarget "AdzanBar" */;
			buildPhases = (
				16D5EE202F49DE57005CFF27 /* Sources */,
				16D5EE212F49DE57005CFF27 /* Frameworks */,
				16D5EE222F49DE57005CFF27 /* Resources */,
			);
			buildRules = (
			);
			dependencies = (
			);
			name = AdzanBar;
			packageProductDependencies = (
			);
			productName = AdzanBar;
			productReference = 16D5EE242F49DE57005CFF27 /* AdzanBar.app */;
			productType = "com.apple.product-type.application";
		};
/* End PBXNativeTarget section */

/* Begin PBXProject section */
		16D5EE1C2F49DE57005CFF27 /* Project object */ = {
			isa = PBXProject;
			attributes = {
				BuildIndependentTargetsInParallel = 1;
				LastSwiftUpdateCheck = 2600;
				LastUpgradeCheck = 2600;
				TargetAttributes = {
					16D5EE232F49DE57005CFF27 = {
						CreatedOnToolsVersion = 26.0.1;
					};
				};
			};
			buildConfigurationList = 16D5EE1F2F49DE57005CFF27 /* Build configuration list for PBXProject "AdzanBar" */;
			developmentRegion = en;
			hasScannedForEncodings = 0;
			knownRegions = (
				en,
				Base,
			);
			mainGroup = 16D5EE1B2F49DE57005CFF27;
			minimizedProjectReferenceProxies = 1;
			preferredProjectObjectVersion = 77;
			productRefGroup = 16D5EE252F49DE57005CFF27 /* Products */;
			projectDirPath = "";
			projectReferences = (
				{
					ProductGroup = 163CE84E2F49E03A008B5881 /* Products */;
					ProjectRef = 163CE83C2F49E03A008B5881 /* AdzanBar.xcodeproj */;
				},
			);
			projectRoot = "";
			targets = (
				16D5EE232F49DE57005CFF27 /* AdzanBar */,
			);
		};
/* End PBXProject section */

/* Begin PBXResourcesBuildPhase section */
		16D5EE222F49DE57005CFF27 /* Resources */ = {
			isa = PBXResourcesBuildPhase;
			buildActionMask = 2147483647;
			files = (
				163CE8502F49E03A008B5881 /* Assets.xcassets in Resources */,
			);
			runOnlyForDeploymentPostprocessing = 0;
		};
/* End PBXResourcesBuildPhase section */

/* Begin PBXSourcesBuildPhase section */
		16D5EE202F49DE57005CFF27 /* Sources */ = {
			isa = PBXSourcesBuildPhase;
			buildActionMask = 2147483647;
			files = (
				163CE8522F49E03A008B5881 /* CityPickerView.swift in Sources */,
				169217ED2F4AE3CD004A6B90 /* TimezoneMapper.swift in Sources */,
				163CE8532F49E03A008B5881 /* CacheService.swift in Sources */,
				163CE8542F49E03A008B5881 /* PrayerTimeUtils.swift in Sources */,
				163CE8552F49E03A008B5881 /* PrayerModels.swift in Sources */,
				163CE8562F49E03A008B5881 /* MyQuranAPIClient.swift in Sources */,
				163CE8572F49E03A008B5881 /* PrayerRowView.swift in Sources */,
				163CE8582F49E03A008B5881 /* UserPreferences.swift in Sources */,
				163CE8592F49E03A008B5881 /* PrayerViewModel.swift in Sources */,
				163CE85A2F49E03A008B5881 /* AdzanBarApp.swift in Sources */,
				163CE85B2F49E03A008B5881 /* MenuBarView.swift in Sources */,
				163CE85C2F49E03A008B5881 /* PrayerService.swift in Sources */,
				163CE85D2F49E03A008B5881 /* CityList.swift in Sources */,
				16A000022F4BE000008B5881 /* SkyTheme.swift in Sources */,
			);
			runOnlyForDeploymentPostprocessing = 0;
		};
/* End PBXSourcesBuildPhase section */

/* Begin XCBuildConfiguration section */
		16D5EE2D2F49DE59005CFF27 /* Debug */ = {
			isa = XCBuildConfiguration;
			buildSettings = {
				ALWAYS_SEARCH_USER_PATHS = NO;
				ASSETCATALOG_COMPILER_GENERATE_SWIFT_ASSET_SYMBOL_EXTENSIONS = YES;
				CLANG_ANALYZER_NONNULL = YES;
				CLANG_ANALYZER_NUMBER_OBJECT_CONVERSION = YES_AGGRESSIVE;
				CLANG_CXX_LANGUAGE_STANDARD = "gnu++20";
				CLANG_ENABLE_MODULES = YES;
				CLANG_ENABLE_OBJC_ARC = YES;
				CLANG_ENABLE_OBJC_WEAK = YES;
				CLANG_WARN_BLOCK_CAPTURE_AUTORELEASING = YES;
				CLANG_WARN_BOOL_CONVERSION = YES;
				CLANG_WARN_COMMA = YES;
				CLANG_WARN_CONSTANT_CONVERSION = YES;
				CLANG_WARN_DEPRECATED_OBJC_IMPLEMENTATIONS = YES;
				CLANG_WARN_DIRECT_OBJC_ISA_USAGE = YES_ERROR;
				CLANG_WARN_DOCUMENTATION_COMMENTS = YES;
				CLANG_WARN_EMPTY_BODY = YES;
				CLANG_WARN_ENUM_CONVERSION = YES;
				CLANG_WARN_INFINITE_RECURSION = YES;
				CLANG_WARN_INT_CONVERSION = YES;
				CLANG_WARN_NON_LITERAL_NULL_CONVERSION = YES;
				CLANG_WARN_OBJC_IMPLICIT_RETAIN_SELF = YES;
				CLANG_WARN_OBJC_LITERAL_CONVERSION = YES;
				CLANG_WARN_OBJC_ROOT_CLASS = YES_ERROR;
				CLANG_WARN_QUOTED_INCLUDE_IN_FRAMEWORK_HEADER = YES;
				CLANG_WARN_RANGE_LOOP_ANALYSIS = YES;
				CLANG_WARN_STRICT_PROTOTYPES = YES;
				CLANG_WARN_SUSPICIOUS_MOVE = YES;
				CLANG_WARN_UNGUARDED_AVAILABILITY = YES_AGGRESSIVE;
				CLANG_WARN_UNREACHABLE_CODE = YES;
				CLANG_WARN__DUPLICATE_METHOD_MATCH = YES;
				COPY_PHASE_STRIP = NO;
				DEBUG_INFORMATION_FORMAT = dwarf;
				DEVELOPMENT_TEAM = T6CZB7S85Q;
				ENABLE_STRICT_OBJC_MSGSEND = YES;
				ENABLE_TESTABILITY = YES;
				ENABLE_USER_SCRIPT_SANDBOXING = YES;
				GCC_C_LANGUAGE_STANDARD = gnu17;
				GCC_DYNAMIC_NO_PIC = NO;
				GCC_NO_COMMON_BLOCKS = YES;
				GCC_OPTIMIZATION_LEVEL = 0;
				GCC_PREPROCESSOR_DEFINITIONS = (
					"DEBUG=1",
					"$(inherited)",
				);
				GCC_WARN_64_TO_32_BIT_CONVERSION = YES;
				GCC_WARN_ABOUT_RETURN_TYPE = YES_ERROR;
				GCC_WARN_UNDECLARED_SELECTOR = YES;
				GCC_WARN_UNINITIALIZED_AUTOS = YES_AGGRESSIVE;
				GCC_WARN_UNUSED_FUNCTION = YES;
				GCC_WARN_UNUSED_VARIABLE = YES;
				LOCALIZATION_PREFERS_STRING_CATALOGS = YES;
				MACOSX_DEPLOYMENT_TARGET = 26.0;
				MTL_ENABLE_DEBUG_INFO = INCLUDE_SOURCE;
				MTL_FAST_MATH = YES;
				ONLY_ACTIVE_ARCH = YES;
				SDKROOT = macosx;
				SWIFT_ACTIVE_COMPILATION_CONDITIONS = "DEBUG $(inherited)";
				SWIFT_OPTIMIZATION_LEVEL = "-Onone";
			};
			name = Debug;
		};
		16D5EE2E2F49DE59005CFF27 /* Release */ = {
			isa = XCBuildConfiguration;
			buildSettings = {
				ALWAYS_SEARCH_USER_PATHS = NO;
				ASSETCATALOG_COMPILER_GENERATE_SWIFT_ASSET_SYMBOL_EXTENSIONS = YES;
				CLANG_ANALYZER_NONNULL = YES;
				CLANG_ANALYZER_NUMBER_OBJECT_CONVERSION = YES_AGGRESSIVE;
				CLANG_CXX_LANGUAGE_STANDARD = "gnu++20";
				CLANG_ENABLE_MODULES = YES;
				CLANG_ENABLE_OBJC_ARC = YES;
				CLANG_ENABLE_OBJC_WEAK = YES;
				CLANG_WARN_BLOCK_CAPTURE_AUTORELEASING = YES;
				CLANG_WARN_BOOL_CONVERSION = YES;
				CLANG_WARN_COMMA = YES;
				CLANG_WARN_CONSTANT_CONVERSION = YES;
				CLANG_WARN_DEPRECATED_OBJC_IMPLEMENTATIONS = YES;
				CLANG_WARN_DIRECT_OBJC_ISA_USAGE = YES_ERROR;
				CLANG_WARN_DOCUMENTATION_COMMENTS = YES;
				CLANG_WARN_EMPTY_BODY = YES;
				CLANG_WARN_ENUM_CONVERSION = YES;
				CLANG_WARN_INFINITE_RECURSION = YES;
				CLANG_WARN_INT_CONVERSION = YES;
				CLANG_WARN_NON_LITERAL_NULL_CONVERSION = YES;
				CLANG_WARN_OBJC_IMPLICIT_RETAIN_SELF = YES;
				CLANG_WARN_OBJC_LITERAL_CONVERSION = YES;
				CLANG_WARN_OBJC_ROOT_CLASS = YES_ERROR;
				CLANG_WARN_QUOTED_INCLUDE_IN_FRAMEWORK_HEADER = YES;
				CLANG_WARN_RANGE_LOOP_ANALYSIS = YES;
				CLANG_WARN_STRICT_PROTOTYPES = YES;
				CLANG_WARN_SUSPICIOUS_MOVE = YES;
				CLANG_WARN_UNGUARDED_AVAILABILITY = YES_AGGRESSIVE;
				CLANG_WARN_UNREACHABLE_CODE = YES;
				CLANG_WARN__DUPLICATE_METHOD_MATCH = YES;
				COPY_PHASE_STRIP = NO;
				DEBUG_INFORMATION_FORMAT = "dwarf-with-dsym";
				DEVELOPMENT_TEAM = T6CZB7S85Q;
				ENABLE_NS_ASSERTIONS = NO;
				ENABLE_STRICT_OBJC_MSGSEND = YES;
				ENABLE_USER_SCRIPT_SANDBOXING = YES;
				GCC_C_LANGUAGE_STANDARD = gnu17;
				GCC_NO_COMMON_BLOCKS = YES;
				GCC_WARN_64_TO_32_BIT_CONVERSION = YES;
				GCC_WARN_ABOUT_RETURN_TYPE = YES_ERROR;
				GCC_WARN_UNDECLARED_SELECTOR = YES;
				GCC_WARN_UNINITIALIZED_AUTOS = YES_AGGRESSIVE;
				GCC_WARN_UNUSED_FUNCTION = YES;
				GCC_WARN_UNUSED_VARIABLE = YES;
				LOCALIZATION_PREFERS_STRING_CATALOGS = YES;
				MACOSX_DEPLOYMENT_TARGET = 26.0;
				MTL_ENABLE_DEBUG_INFO = NO;
				MTL_FAST_MATH = YES;
				SDKROOT = macosx;
				SWIFT_COMPILATION_MODE = wholemodule;
			};
			name = Release;
		};
		16D5EE302F49DE59005CFF27 /* Debug */ = {
			isa = XCBuildConfiguration;
			buildSettings = {
				ASSETCATALOG_COMPILER_APPICON_NAME = AppIcon;
				ASSETCATALOG_COMPILER_GLOBAL_ACCENT_COLOR_NAME = AccentColor;
				CODE_SIGN_STYLE = Automatic;
				COMBINE_HIDPI_IMAGES = YES;
				CURRENT_PROJECT_VERSION = 1;
				DEVELOPMENT_TEAM = T6CZB7S85Q;
				ENABLE_APP_SANDBOX = YES;
				ENABLE_HARDENED_RUNTIME = YES;
				ENABLE_INCOMING_NETWORK_CONNECTIONS = YES;
				ENABLE_OUTGOING_NETWORK_CONNECTIONS = YES;
				ENABLE_PREVIEWS = YES;
				ENABLE_RESOURCE_ACCESS_AUDIO_INPUT = NO;
				ENABLE_RESOURCE_ACCESS_BLUETOOTH = NO;
				ENABLE_RESOURCE_ACCESS_CALENDARS = NO;
				ENABLE_RESOURCE_ACCESS_CAMERA = NO;
				ENABLE_RESOURCE_ACCESS_CONTACTS = NO;
				ENABLE_RESOURCE_ACCESS_LOCATION = NO;
				ENABLE_RESOURCE_ACCESS_PRINTING = NO;
				ENABLE_RESOURCE_ACCESS_USB = NO;
				ENABLE_USER_SELECTED_FILES = readonly;
				GENERATE_INFOPLIST_FILE = YES;
				INFOPLIST_KEY_LSUIElement = YES;
				INFOPLIST_KEY_NSHumanReadableCopyright = "";
				LD_RUNPATH_SEARCH_PATHS = (
					"$(inherited)",
					"@executable_path/../Frameworks",
				);
				MARKETING_VERSION = 1.0;
				PRODUCT_BUNDLE_IDENTIFIER = com.ibnu.AdzanBar;
				PRODUCT_NAME = "$(TARGET_NAME)";
				REGISTER_APP_GROUPS = YES;
				STRING_CATALOG_GENERATE_SYMBOLS = YES;
				SWIFT_APPROACHABLE_CONCURRENCY = YES;
				SWIFT_DEFAULT_ACTOR_ISOLATION = MainActor;
				SWIFT_EMIT_LOC_STRINGS = YES;
				SWIFT_UPCOMING_FEATURE_MEMBER_IMPORT_VISIBILITY = YES;
				SWIFT_VERSION = 5.0;
			};
			name = Debug;
		};
		16D5EE312F49DE59005CFF27 /* Release */ = {
			isa = XCBuildConfiguration;
			buildSettings = {
				ASSETCATALOG_COMPILER_APPICON_NAME = AppIcon;
				ASSETCATALOG_COMPILER_GLOBAL_ACCENT_COLOR_NAME = AccentColor;
				CODE_SIGN_STYLE = Automatic;
				COMBINE_HIDPI_IMAGES = YES;
				CURRENT_PROJECT_VERSION = 1;
				DEVELOPMENT_TEAM = T6CZB7S85Q;
				ENABLE_APP_SANDBOX = YES;
				ENABLE_HARDENED_RUNTIME = YES;
				ENABLE_INCOMING_NETWORK_CONNECTIONS = YES;
				ENABLE_OUTGOING_NETWORK_CONNECTIONS = YES;
				ENABLE_PREVIEWS = YES;
				ENABLE_RESOURCE_ACCESS_AUDIO_INPUT = NO;
				ENABLE_RESOURCE_ACCESS_BLUETOOTH = NO;
				ENABLE_RESOURCE_ACCESS_CALENDARS = NO;
				ENABLE_RESOURCE_ACCESS_CAMERA = NO;
				ENABLE_RESOURCE_ACCESS_CONTACTS = NO;
				ENABLE_RESOURCE_ACCESS_LOCATION = NO;
				ENABLE_RESOURCE_ACCESS_PRINTING = NO;
				ENABLE_RESOURCE_ACCESS_USB = NO;
				ENABLE_USER_SELECTED_FILES = readonly;
				GENERATE_INFOPLIST_FILE = YES;
				INFOPLIST_KEY_LSUIElement = YES;
				INFOPLIST_KEY_NSHumanReadableCopyright = "";
				LD_RUNPATH_SEARCH_PATHS = (
					"$(inherited)",
					"@executable_path/../Frameworks",
				);
				MARKETING_VERSION = 1.0;
				PRODUCT_BUNDLE_IDENTIFIER = com.ibnu.AdzanBar;
				PRODUCT_NAME = "$(TARGET_NAME)";
				REGISTER_APP_GROUPS = YES;
				STRING_CATALOG_GENERATE_SYMBOLS = YES;
				SWIFT_APPROACHABLE_CONCURRENCY = YES;
				SWIFT_DEFAULT_ACTOR_ISOLATION = MainActor;
				SWIFT_EMIT_LOC_STRINGS = YES;
				SWIFT_UPCOMING_FEATURE_MEMBER_IMPORT_VISIBILITY = YES;
				SWIFT_VERSION = 5.0;
			};
			name = Release;
		};
/* End XCBuildConfiguration section */

/* Begin XCConfigurationList section */
		16D5EE1F2F49DE57005CFF27 /* Build configuration list for PBXProject "AdzanBar" */ = {
			isa = XCConfigurationList;
			buildConfigurations = (
				16D5EE2D2F49DE59005CFF27 /* Debug */,
				16D5EE2E2F49DE59005CFF27 /* Release */,
			);
			defaultConfigurationIsVisible = 0;
			defaultConfigurationName = Release;
		};
		16D5EE2F2F49DE59005CFF27 /* Build configuration list for PBXNativeTarget "AdzanBar" */ = {
			isa = XCConfigurationList;
			buildConfigurations = (
				16D5EE302F49DE59005CFF27 /* Debug */,
				16D5EE312F49DE59005CFF27 /* Release */,
			);
			defaultConfigurationIsVisible = 0;
			defaultConfigurationName = Release;
		};
/* End XCConfigurationList section */
	};
	rootObject = 16D5EE1C2F49DE57005CFF27 /* Project object */;
}
